
Microsoft Visual Studio Solution File, Format Version 12.00
# Visual Studio Version 16
VisualStudioVersion = 16.0.30204.135
MinimumVisualStudioVersion = 10.0.40219.1
Project("{2150E333-8FDC-42A3-9474-1A3956D46DE8}") = "tests", "tests", "{118A11D5-F69E-4180-AD71-640EC2AEE61C}"
EndProject
Project("{9A19103F-16F7-4668-BE54-9A1E7A4F7556}") = "RestEase.SampleWebApi", "tests\RestEase.SampleWebApi\RestEase.SampleWebApi.csproj", "{42E42E35-D72A-4ABC-900B-8AC70B1215A4}"
EndProject
Project("{9A19103F-16F7-4668-BE54-9A1E7A4F7556}") = "RestEase.SampleWebApi.Tests", "tests\RestEase.SampleWebApi.Tests\RestEase.SampleWebApi.Tests.csproj", "{2AF198D9-3336-4CFC-90F9-7BC3750109D9}"
EndProject
Project("{9A19103F-16F7-4668-BE54-9A1E7A4F7556}") = "RestEase.Controllers.SourceGenerator", "src\RestEase.Controllers.SourceGenerator\RestEase.Controllers.SourceGenerator.csproj", "{EB9CC11E-0E94-4DC0-A364-F81FD13186F8}"
EndProject
Global
	GlobalSection(SolutionConfigurationPlatforms) = preSolution
		Debug|Any CPU = Debug|Any CPU
		Release|Any CPU = Release|Any CPU
	EndGlobalSection
	GlobalSection(ProjectConfigurationPlatforms) = postSolution
		{42E42E35-D72A-4ABC-900B-8AC70B1215A4}.Debug|Any CPU.ActiveCfg = Debug|Any CPU
		{42E42E35-D72A-4ABC-900B-8AC70B1215A4}.Debug|Any CPU.Build.0 = Debug|Any CPU
		{42E42E35-D72A-4ABC-900B-8AC70B1215A4}.Release|Any CPU.ActiveCfg = Release|Any CPU
		{42E42E35-D72A-4ABC-900B-8AC70B1215A4}.Release|Any CPU.Build.0 = Release|Any CPU
		{2AF198D9-3336-4CFC-90F9-7BC3750109D9}.Debug|Any CPU.ActiveCfg = Debug|Any CPU
		{2AF198D9-3336-4CFC-90F9-7BC3750109D9}.Debug|Any CPU.Build.0 = Debug|Any CPU
		{2AF198D9-3336-4CFC-90F9-7BC3750109D9}.Release|Any CPU.ActiveCfg = Release|Any CPU
		{2AF198D9-3336-4CFC-90F9-7BC3750109D9}.Release|Any CPU.Build.0 = Release|Any CPU
		{EB9CC11E-0E94-4DC0-A364-F81FD13186F8}.Debug|Any CPU.ActiveCfg = Debug|Any CPU
		{EB9CC11E-0E94-4DC0-A364-F81FD13186F8}.Debug|Any CPU.Build.0 = Debug|Any CPU
		{EB9CC11E-0E94-4DC0-A364-F81FD13186F8}.Release|Any CPU.ActiveCfg = Release|Any CPU
		{EB9CC11E-0E94-4DC0-A364-F81FD13186F8}.Release|Any CPU.Build.0 = Release|Any CPU
	EndGlobalSection
	GlobalSection(SolutionProperties) = preSolution
		HideSolutionNode = FALSE
	EndGlobalSection
	GlobalSection(NestedProjects) = preSolution
		{42E42E35-D72A-4ABC-900B-8AC70B1215A4} = {118A11D5-F69E-4180-AD71-640EC2AEE61C}
		{2AF198D9-3336-4CFC-90F9-7BC3750109D9} = {118A11D5-F69E-4180-AD71-640EC2AEE61C}
	EndGlobalSection
	GlobalSection(ExtensibilityGlobals) = postSolution
		SolutionGuid = {8CA8FC63-F87A-4CE5-863F-144B9F3B86A7}
	EndGlobalSection
EndGlobal
